Microsoft Visual Studio Solution File, Format Version 12.00
# Visual Studio Version 17
VisualStudioVersion = 17.5.2.0
MinimumVisualStudioVersion = 10.0.40219.1
Project("{FAE04EC0-301F-11D3-BF4B-00C04F79EFBC}") = "CantinaSenac", "CantinaSenac.csproj", "{FCBF4CD2-5A33-2855-83BB-496AC80D2D1F}"
EndProject
Global
	GlobalSection(SolutionConfigurationPlatforms) = preSolution
		Debug|Any CPU = Debug|Any CPU
		Release|Any CPU = Release|Any CPU
	EndGlobalSection
	GlobalSection(ProjectConfigurationPlatforms) = postSolution
		{FCBF4CD2-5A33-2855-83BB-496AC80D2D1F}.Debug|Any CPU.ActiveCfg = Debug|Any CPU
		{FCBF4CD2-5A33-2855-83BB-496AC80D2D1F}.Debug|Any CPU.Build.0 = Debug|Any CPU
		{FCBF4CD2-5A33-2855-83BB-496AC80D2D1F}.Release|Any CPU.ActiveCfg = Release|Any CPU
		{FCBF4CD2-5A33-2855-83BB-496AC80D2D1F}.Release|Any CPU.Build.0 = Release|Any CPU
	EndGlobalSection
	GlobalSection(SolutionProperties) = preSolution
		HideSolutionNode = FALSE
	EndGlobalSection
	GlobalSection(ExtensibilityGlobals) = postSolution
		SolutionGuid = {E51FCFDB-2378-4120-8826-F00E8ECD2F97}
	EndGlobalSection
EndGlobal
