
Microsoft Visual Studio Solution File, Format Version 12.00
# Visual Studio Version 17
VisualStudioVersion = 17.0.31903.59
MinimumVisualStudioVersion = 10.0.40219.1
Project("{FAE04EC0-301F-11D3-BF4B-00C04F79EFBC}") = "CantinaSenac", "CantinaSenac\CantinaSenac.csproj", "{5A901019-2DEE-4671-8AE1-3602BDC2B2C5}"
EndProject
Project("{FAE04EC0-301F-11D3-BF4B-00C04F79EFBC}") = "CantinaSenac.API", "CantinaSenac.API\CantinaSenac.API.csproj", "{80C9CFFB-11A8-4D9C-9CDE-270742DDB970}"
EndProject
Global
	GlobalSection(SolutionConfigurationPlatforms) = preSolution
		Debug|Any CPU = Debug|Any CPU
		Release|Any CPU = Release|Any CPU
	EndGlobalSection
	GlobalSection(SolutionProperties) = preSolution
		HideSolutionNode = FALSE
	EndGlobalSection
	GlobalSection(ProjectConfigurationPlatforms) = postSolution
		{5A901019-2DEE-4671-8AE1-3602BDC2B2C5}.Debug|Any CPU.ActiveCfg = Debug|Any CPU
		{5A901019-2DEE-4671-8AE1-3602BDC2B2C5}.Debug|Any CPU.Build.0 = Debug|Any CPU
		{5A901019-2DEE-4671-8AE1-3602BDC2B2C5}.Release|Any CPU.ActiveCfg = Release|Any CPU
		{5A901019-2DEE-4671-8AE1-3602BDC2B2C5}.Release|Any CPU.Build.0 = Release|Any CPU
		{80C9CFFB-11A8-4D9C-9CDE-270742DDB970}.Debug|Any CPU.ActiveCfg = Debug|Any CPU
		{80C9CFFB-11A8-4D9C-9CDE-270742DDB970}.Debug|Any CPU.Build.0 = Debug|Any CPU
		{80C9CFFB-11A8-4D9C-9CDE-270742DDB970}.Release|Any CPU.ActiveCfg = Release|Any CPU
		{80C9CFFB-11A8-4D9C-9CDE-270742DDB970}.Release|Any CPU.Build.0 = Release|Any CPU
	EndGlobalSection
EndGlobal
