
Microsoft Visual Studio Solution File, Format Version 12.00
# Visual Studio Version 17
VisualStudioVersion = 17.0.31903.59
MinimumVisualStudioVersion = 10.0.40219.1
Project("{FAE04EC0-301F-11D3-BF4B-00C04F79EFBC}") = "CantinaSenac", "CantinaSenac\CantinaSenac.csproj", "{AC73050B-EAFC-47FC-A74C-01E5043F8774}"
EndProject
Project("{FAE04EC0-301F-11D3-BF4B-00C04F79EFBC}") = "CantinaSenac.API", "CantinaSenac.API\CantinaSenac.API.csproj", "{5E996020-A4BE-46DB-995E-E4C6133B9C7C}"
EndProject
Global
	GlobalSection(SolutionConfigurationPlatforms) = preSolution
		Debug|Any CPU = Debug|Any CPU
		Release|Any CPU = Release|Any CPU
	EndGlobalSection
	GlobalSection(SolutionProperties) = preSolution
		HideSolutionNode = FALSE
	EndGlobalSection
	GlobalSection(ProjectConfigurationPlatforms) = postSolution
		{AC73050B-EAFC-47FC-A74C-01E5043F8774}.Debug|Any CPU.ActiveCfg = Debug|Any CPU
		{AC73050B-EAFC-47FC-A74C-01E5043F8774}.Debug|Any CPU.Build.0 = Debug|Any CPU
		{AC73050B-EAFC-47FC-A74C-01E5043F8774}.Release|Any CPU.ActiveCfg = Release|Any CPU
		{AC73050B-EAFC-47FC-A74C-01E5043F8774}.Release|Any CPU.Build.0 = Release|Any CPU
		{5E996020-A4BE-46DB-995E-E4C6133B9C7C}.Debug|Any CPU.ActiveCfg = Debug|Any CPU
		{5E996020-A4BE-46DB-995E-E4C6133B9C7C}.Debug|Any CPU.Build.0 = Debug|Any CPU
		{5E996020-A4BE-46DB-995E-E4C6133B9C7C}.Release|Any CPU.ActiveCfg = Release|Any CPU
		{5E996020-A4BE-46DB-995E-E4C6133B9C7C}.Release|Any CPU.Build.0 = Release|Any CPU
	EndGlobalSection
EndGlobal
